
Microsoft Visual Studio Solution File, Format Version 12.00
# Visual Studio 15
VisualStudioVersion = 15.0.27703.2035
MinimumVisualStudioVersion = 10.0.40219.1
Project("{FAE04EC0-301F-11D3-BF4B-00C04F79EFBC}") = "CrawelExample", "CrawelExample\CrawelExample.csproj", "{7FDC8648-F2C8-42F4-AB9A-50788D359136}"
EndProject
Global
	GlobalSection(SolutionConfigurationPlatforms) = preSolution
		Debug|Any CPU = Debug|Any CPU
		Release|Any CPU = Release|Any CPU
	EndGlobalSection
	GlobalSection(ProjectConfigurationPlatforms) = postSolution
		{7FDC8648-F2C8-42F4-AB9A-50788D359136}.Debug|Any CPU.ActiveCfg = Debug|Any CPU
		{7FDC8648-F2C8-42F4-AB9A-50788D359136}.Debug|Any CPU.Build.0 = Debug|Any CPU
		{7FDC8648-F2C8-42F4-AB9A-50788D359136}.Release|Any CPU.ActiveCfg = Release|Any CPU
		{7FDC8648-F2C8-42F4-AB9A-50788D359136}.Release|Any CPU.Build.0 = Release|Any CPU
	EndGlobalSection
	GlobalSection(SolutionProperties) = preSolution
		HideSolutionNode = FALSE
	EndGlobalSection
	GlobalSection(ExtensibilityGlobals) = postSolution
		SolutionGuid = {0DB02DB6-9E77-4F0D-BAAC-18D08BF66525}
	EndGlobalSection
EndGlobal
